
Microsoft Visual Studio Solution File, Format Version 12.00
# Visual Studio 15
VisualStudioVersion = 15.0.26730.8
MinimumVisualStudioVersion = 10.0.40219.1
Project("{FAE04EC0-301F-11D3-BF4B-00C04F79EFBC}") = "ConsolaCalculoInteresCompuesto", "ConsolaCalculoInteresCompuesto\ConsolaCalculoInteresCompuesto.csproj", "{F26E75B0-E365-4FDE-B0C3-2DD22EA138B4}"
EndProject
Global
	GlobalSection(SolutionConfigurationPlatforms) = preSolution
		Debug|Any CPU = Debug|Any CPU
		Release|Any CPU = Release|Any CPU
	EndGlobalSection
	GlobalSection(ProjectConfigurationPlatforms) = postSolution
		{F26E75B0-E365-4FDE-B0C3-2DD22EA138B4}.Debug|Any CPU.ActiveCfg = Debug|Any CPU
		{F26E75B0-E365-4FDE-B0C3-2DD22EA138B4}.Debug|Any CPU.Build.0 = Debug|Any CPU
		{F26E75B0-E365-4FDE-B0C3-2DD22EA138B4}.Release|Any CPU.ActiveCfg = Release|Any CPU
		{F26E75B0-E365-4FDE-B0C3-2DD22EA138B4}.Release|Any CPU.Build.0 = Release|Any CPU
	EndGlobalSection
	GlobalSection(SolutionProperties) = preSolution
		HideSolutionNode = FALSE
	EndGlobalSection
	GlobalSection(ExtensibilityGlobals) = postSolution
		SolutionGuid = {60AE9501-1832-4F75-B29B-55B417E75697}
	EndGlobalSection
EndGlobal
